
Microsoft Visual Studio Solution File, Format Version 12.00
# Visual Studio 14
VisualStudioVersion = 14.0.23107.0
MinimumVisualStudioVersion = 10.0.40219.1
Project("{FAE04EC0-301F-11D3-BF4B-00C04F79EFBC}") = "C_Homework_2", "C_Homework_2\C_Homework_2.csproj", "{891542E5-97E8-44D2-890A-0FFD04DB2A61}"
EndProject
Global
	GlobalSection(SolutionConfigurationPlatforms) = preSolution
		Debug|Any CPU = Debug|Any CPU
		Release|Any CPU = Release|Any CPU
	EndGlobalSection
	GlobalSection(ProjectConfigurationPlatforms) = postSolution
		{891542E5-97E8-44D2-890A-0FFD04DB2A61}.Debug|Any CPU.ActiveCfg = Debug|Any CPU
		{891542E5-97E8-44D2-890A-0FFD04DB2A61}.Debug|Any CPU.Build.0 = Debug|Any CPU
		{891542E5-97E8-44D2-890A-0FFD04DB2A61}.Release|Any CPU.ActiveCfg = Release|Any CPU
		{891542E5-97E8-44D2-890A-0FFD04DB2A61}.Release|Any CPU.Build.0 = Release|Any CPU
	EndGlobalSection
	GlobalSection(SolutionProperties) = preSolution
		HideSolutionNode = FALSE
	EndGlobalSection
EndGlobal
